// !$*UTF8*$!
{
	archiveVersion = 1;
	classes = {
	};
	objectVersion = 50;
	objects = {

/* Begin PBXBuildFile section */
		F4DC6E8723F981E70086C3ED /* AppDelegate.swift in Sources */ = {isa = PBXBuildFile; fileRef = F4DC6E8623F981E70086C3ED /* AppDelegate.swift */; };
		F4DC6E8923F981E70086C3ED /* SceneDelegate.swift in Sources */ = {isa = PBXBuildFile; fileRef = F4DC6E8823F981E70086C3ED /* SceneDelegate.swift */; };
		F4DC6E8B23F981E70086C3ED /* ViewController.swift in Sources */ = {isa = PBXBuildFile; fileRef = F4DC6E8A23F981E70086C3ED /* ViewController.swift */; };
		F4DC6E8E23F981E70086C3ED /* Main.storyboard in Resources */ = {isa = PBXBuildFile; fileRef = F4DC6E8C23F981E70086C3ED /* Main.storyboard */; };
		F4DC6E9023F981E80086C3ED /* Assets.xcassets in Resources */ = {isa = PBXBuildFile; fileRef = F4DC6E8F23F981E80086C3ED /* Assets.xcassets */; };
		F4DC6E9323F981E80086C3ED /* LaunchScreen.storyboard in Resources */ = {isa = PBXBuildFile; fileRef = F4DC6E9123F981E80086C3ED /* LaunchScreen.storyboard */; };
		F4DC6EA523F987840086C3ED /* NetworkManager.swift in Sources */ = {isa = PBXBuildFile; fileRef = F4DC6EA423F987840086C3ED /* NetworkManager.swift */; };
		F4DC6EA923F989880086C3ED /* APIResult.swift in Sources */ = {isa = PBXBuildFile; fileRef = F4DC6EA823F989880086C3ED /* APIResult.swift */; };
		F4DC6EAB23F9899A0086C3ED /* httpMethod.swift in Sources */ = {isa = PBXBuildFile; fileRef = F4DC6EAA23F9899A0086C3ED /* httpMethod.swift */; };
		F4DC6EAD23F98A200086C3ED /* APIEnvironmentPath.swift in Sources */ = {isa = PBXBuildFile; fileRef = F4DC6EAC23F98A200086C3ED /* APIEnvironmentPath.swift */; };
		F4DC6EAF23F98A340086C3ED /* EndPointRouter.swift in Sources */ = {isa = PBXBuildFile; fileRef = F4DC6EAE23F98A340086C3ED /* EndPointRouter.swift */; };
		F4DC6EB123F993DF0086C3ED /* DataModel.swift in Sources */ = {isa = PBXBuildFile; fileRef = F4DC6EB023F993DF0086C3ED /* DataModel.swift */; };
/* End PBXBuildFile section */

/* Begin PBXFileReference section */
		F4DC6E8323F981E70086C3ED /* iOS-Task.app */ = {isa = PBXFileReference; explicitFileType = wrapper.application; includeInIndex = 0; path = "iOS-Task.app"; sourceTree = BUILT_PRODUCTS_DIR; };
		F4DC6E8623F981E70086C3ED /* AppDelegate.swift */ = {isa = PBXFileReference; lastKnownFileType = sourcecode.swift; path = AppDelegate.swift; sourceTree = "<group>"; };
		F4DC6E8823F981E70086C3ED /* SceneDelegate.swift */ = {isa = PBXFileReference; lastKnownFileType = sourcecode.swift; path = SceneDelegate.swift; sourceTree = "<group>"; };
		F4DC6E8A23F981E70086C3ED /* ViewController.swift */ = {isa = PBXFileReference; lastKnownFileType = sourcecode.swift; path = ViewController.swift; sourceTree = "<group>"; };
		F4DC6E8D23F981E70086C3ED /* Base */ = {isa = PBXFileReference; lastKnownFileType = file.storyboard; name = Base; path = Base.lproj/Main.storyboard; sourceTree = "<group>"; };
		F4DC6E8F23F981E80086C3ED /* Assets.xcassets */ = {isa = PBXFileReference; lastKnownFileType = folder.assetcatalog; path = Assets.xcassets; sourceTree = "<group>"; };
		F4DC6E9223F981E80086C3ED /* Base */ = {isa = PBXFileReference; lastKnownFileType = file.storyboard; name = Base; path = Base.lproj/LaunchScreen.storyboard; sourceTree = "<group>"; };
		F4DC6E9423F981E80086C3ED /* Info.plist */ = {isa = PBXFileReference; lastKnownFileType = text.plist.xml; path = Info.plist; sourceTree = "<group>"; };
		F4DC6EA423F987840086C3ED /* NetworkManager.swift */ = {isa = PBXFileReference; lastKnownFileType = sourcecode.swift; path = NetworkManager.swift; sourceTree = "<group>"; };
		F4DC6EA823F989880086C3ED /* APIResult.swift */ = {isa = PBXFileReference; lastKnownFileType = sourcecode.swift; path = APIResult.swift; sourceTree = "<group>"; };
		F4DC6EAA23F9899A0086C3ED /* httpMethod.swift */ = {isa = PBXFileReference; lastKnownFileType = sourcecode.swift; path = httpMethod.swift; sourceTree = "<group>"; };
		F4DC6EAC23F98A200086C3ED /* APIEnvironmentPath.swift */ = {isa = PBXFileReference; lastKnownFileType = sourcecode.swift; path = APIEnvironmentPath.swift; sourceTree = "<group>"; };
		F4DC6EAE23F98A340086C3ED /* EndPointRouter.swift */ = {isa = PBXFileReference; lastKnownFileType = sourcecode.swift; path = EndPointRouter.swift; sourceTree = "<group>"; };
		F4DC6EB023F993DF0086C3ED /* DataModel.swift */ = {isa = PBXFileReference; lastKnownFileType = sourcecode.swift; path = DataModel.swift; sourceTree = "<group>"; };
/* End PBXFileReference section */

/* Begin PBXFrameworksBuildPhase section */
		F4DC6E8023F981E70086C3ED /* Frameworks */ = {
			isa = PBXFrameworksBuildPhase;
			buildActionMask = 2147483647;
			files = (
			);
			runOnlyForDeploymentPostprocessing = 0;
		};
/* End PBXFrameworksBuildPhase section */

/* Begin PBXGroup section */
		F4DC6E7A23F981E70086C3ED = {
			isa = PBXGroup;
			children = (
				F4DC6E8523F981E70086C3ED /* iOS-Task */,
				F4DC6E8423F981E70086C3ED /* Products */,
			);
			sourceTree = "<group>";
		};
		F4DC6E8423F981E70086C3ED /* Products */ = {
			isa = PBXGroup;
			children = (
				F4DC6E8323F981E70086C3ED /* iOS-Task.app */,
			);
			name = Products;
			sourceTree = "<group>";
		};
		F4DC6E8523F981E70086C3ED /* iOS-Task */ = {
			isa = PBXGroup;
			children = (
				F4DC6E9A23F9823B0086C3ED /* Networking */,
				F4DC6E9B23F982470086C3ED /* Helpers */,
				F4DC6E9C23F982580086C3ED /* Modules */,
				F4DC6E9D23F982640086C3ED /* Assets */,
				F4DC6E9E23F9826E0086C3ED /* Configurations */,
				F4DC6E9F23F9828C0086C3ED /* Application */,
				F4DC6E9423F981E80086C3ED /* Info.plist */,
			);
			path = "iOS-Task";
			sourceTree = "<group>";
		};
		F4DC6E9A23F9823B0086C3ED /* Networking */ = {
			isa = PBXGroup;
			children = (
				F4DC6EA423F987840086C3ED /* NetworkManager.swift */,
				F4DC6EA623F987AB0086C3ED /* Entities */,
			);
			path = Networking;
			sourceTree = "<group>";
		};
		F4DC6E9B23F982470086C3ED /* Helpers */ = {
			isa = PBXGroup;
			children = (
				F4DC6EAC23F98A200086C3ED /* APIEnvironmentPath.swift */,
				F4DC6EAE23F98A340086C3ED /* EndPointRouter.swift */,
			);
			path = Helpers;
			sourceTree = "<group>";
		};
		F4DC6E9C23F982580086C3ED /* Modules */ = {
			isa = PBXGroup;
			children = (
				F4DC6EA023F982EC0086C3ED /* HitsList */,
			);
			path = Modules;
			sourceTree = "<group>";
		};
		F4DC6E9D23F982640086C3ED /* Assets */ = {
			isa = PBXGroup;
			children = (
				F4DC6E8F23F981E80086C3ED /* Assets.xcassets */,
			);
			path = Assets;
			sourceTree = "<group>";
		};
		F4DC6E9E23F9826E0086C3ED /* Configurations */ = {
			isa = PBXGroup;
			children = (
			);
			path = Configurations;
			sourceTree = "<group>";
		};
		F4DC6E9F23F9828C0086C3ED /* Application */ = {
			isa = PBXGroup;
			children = (
				F4DC6E9123F981E80086C3ED /* LaunchScreen.storyboard */,
				F4DC6E8623F981E70086C3ED /* AppDelegate.swift */,
				F4DC6E8823F981E70086C3ED /* SceneDelegate.swift */,
			);
			path = Application;
			sourceTree = "<group>";
		};
		F4DC6EA023F982EC0086C3ED /* HitsList */ = {
			isa = PBXGroup;
			children = (
				F4DC6EA323F983150086C3ED /* Model */,
				F4DC6EA223F983100086C3ED /* View */,
				F4DC6EA123F983040086C3ED /* Controller */,
			);
			path = HitsList;
			sourceTree = "<group>";
		};
		F4DC6EA123F983040086C3ED /* Controller */ = {
			isa = PBXGroup;
			children = (
				F4DC6E8A23F981E70086C3ED /* ViewController.swift */,
			);
			path = Controller;
			sourceTree = "<group>";
		};
		F4DC6EA223F983100086C3ED /* View */ = {
			isa = PBXGroup;
			children = (
				F4DC6E8C23F981E70086C3ED /* Main.storyboard */,
			);
			path = View;
			sourceTree = "<group>";
		};
		F4DC6EA323F983150086C3ED /* Model */ = {
			isa = PBXGroup;
			children = (
				F4DC6EB023F993DF0086C3ED /* DataModel.swift */,
			);
			path = Model;
			sourceTree = "<group>";
		};
		F4DC6EA623F987AB0086C3ED /* Entities */ = {
			isa = PBXGroup;
			children = (
				F4DC6EA823F989880086C3ED /* APIResult.swift */,
				F4DC6EAA23F9899A0086C3ED /* httpMethod.swift */,
			);
			path = Entities;
			sourceTree = "<group>";
		};
/* End PBXGroup section */

/* Begin PBXNativeTarget section */
		F4DC6E8223F981E70086C3ED /* iOS-Task */ = {
			isa = PBXNativeTarget;
			buildConfigurationList = F4DC6E9723F981E80086C3ED /* Build configuration list for PBXNativeTarget "iOS-Task" */;
			buildPhases = (
				F4DC6E7F23F981E70086C3ED /* Sources */,
				F4DC6E8023F981E70086C3ED /* Frameworks */,
				F4DC6E8123F981E70086C3ED /* Resources */,
			);
			buildRules = (
			);
			dependencies = (
			);
			name = "iOS-Task";
			productName = "iOS-Task";
			productReference = F4DC6E8323F981E70086C3ED /* iOS-Task.app */;
			productType = "com.apple.product-type.application";
		};
/* End PBXNativeTarget section */

/* Begin PBXProject section */
		F4DC6E7B23F981E70086C3ED /* Project object */ = {
			isa = PBXProject;
			attributes = {
				LastSwiftUpdateCheck = 1130;
				LastUpgradeCheck = 1130;
				ORGANIZATIONNAME = "Abdelrhman Eliwa";
				TargetAttributes = {
					F4DC6E8223F981E70086C3ED = {
						CreatedOnToolsVersion = 11.3.1;
					};
				};
			};
			buildConfigurationList = F4DC6E7E23F981E70086C3ED /* Build configuration list for PBXProject "iOS-Task" */;
			compatibilityVersion = "Xcode 9.3";
			developmentRegion = en;
			hasScannedForEncodings = 0;
			knownRegions = (
				en,
				Base,
			);
			mainGroup = F4DC6E7A23F981E70086C3ED;
			productRefGroup = F4DC6E8423F981E70086C3ED /* Products */;
			projectDirPath = "";
			projectRoot = "";
			targets = (
				F4DC6E8223F981E70086C3ED /* iOS-Task */,
			);
		};
/* End PBXProject section */

/* Begin PBXResourcesBuildPhase section */
		F4DC6E8123F981E70086C3ED /* Resources */ = {
			isa = PBXResourcesBuildPhase;
			buildActionMask = 2147483647;
			files = (
				F4DC6E9323F981E80086C3ED /* LaunchScreen.storyboard in Resources */,
				F4DC6E9023F981E80086C3ED /* Assets.xcassets in Resources */,
				F4DC6E8E23F981E70086C3ED /* Main.storyboard in Resources */,
			);
			runOnlyForDeploymentPostprocessing = 0;
		};
/* End PBXResourcesBuildPhase section */

/* Begin PBXSourcesBuildPhase section */
		F4DC6E7F23F981E70086C3ED /* Sources */ = {
			isa = PBXSourcesBuildPhase;
			buildActionMask = 2147483647;
			files = (
				F4DC6EAB23F9899A0086C3ED /* httpMethod.swift in Sources */,
				F4DC6EAF23F98A340086C3ED /* EndPointRouter.swift in Sources */,
				F4DC6EA523F987840086C3ED /* NetworkManager.swift in Sources */,
				F4DC6EA923F989880086C3ED /* APIResult.swift in Sources */,
				F4DC6E8B23F981E70086C3ED /* ViewController.swift in Sources */,
				F4DC6EAD23F98A200086C3ED /* APIEnvironmentPath.swift in Sources */,
				F4DC6E8723F981E70086C3ED /* AppDelegate.swift in Sources */,
				F4DC6E8923F981E70086C3ED /* SceneDelegate.swift in Sources */,
				F4DC6EB123F993DF0086C3ED /* DataModel.swift in Sources */,
			);
			runOnlyForDeploymentPostprocessing = 0;
		};
/* End PBXSourcesBuildPhase section */

/* Begin PBXVariantGroup section */
		F4DC6E8C23F981E70086C3ED /* Main.storyboard */ = {
			isa = PBXVariantGroup;
			children = (
				F4DC6E8D23F981E70086C3ED /* Base */,
			);
			name = Main.storyboard;
			sourceTree = "<group>";
		};
		F4DC6E9123F981E80086C3ED /* LaunchScreen.storyboard */ = {
			isa = PBXVariantGroup;
			children = (
				F4DC6E9223F981E80086C3ED /* Base */,
			);
			name = LaunchScreen.storyboard;
			sourceTree = "<group>";
		};
/* End PBXVariantGroup section */

/* Begin XCBuildConfiguration section */
		F4DC6E9523F981E80086C3ED /* Debug */ = {
			isa = XCBuildConfiguration;
			buildSettings = {
				ALWAYS_SEARCH_USER_PATHS = NO;
				CLANG_ANALYZER_NONNULL = YES;
				CLANG_ANALYZER_NUMBER_OBJECT_CONVERSION = YES_AGGRESSIVE;
				CLANG_CXX_LANGUAGE_STANDARD = "gnu++14";
				CLANG_CXX_LIBRARY = "libc++";
				CLANG_ENABLE_MODULES = YES;
				CLANG_ENABLE_OBJC_ARC = YES;
				CLANG_ENABLE_OBJC_WEAK = YES;
				CLANG_WARN_BLOCK_CAPTURE_AUTORELEASING = YES;
				CLANG_WARN_BOOL_CONVERSION = YES;
				CLANG_WARN_COMMA = YES;
				CLANG_WARN_CONSTANT_CONVERSION = YES;
				CLANG_WARN_DEPRECATED_OBJC_IMPLEMENTATIONS = YES;
				CLANG_WARN_DIRECT_OBJC_ISA_USAGE = YES_ERROR;
				CLANG_WARN_DOCUMENTATION_COMMENTS = YES;
				CLANG_WARN_EMPTY_BODY = YES;
				CLANG_WARN_ENUM_CONVERSION = YES;
				CLANG_WARN_INFINITE_RECURSION = YES;
				CLANG_WARN_INT_CONVERSION = YES;
				CLANG_WARN_NON_LITERAL_NULL_CONVERSION = YES;
				CLANG_WARN_OBJC_IMPLICIT_RETAIN_SELF = YES;
				CLANG_WARN_OBJC_LITERAL_CONVERSION = YES;
				CLANG_WARN_OBJC_ROOT_CLASS = YES_ERROR;
				CLANG_WARN_RANGE_LOOP_ANALYSIS = YES;
				CLANG_WARN_STRICT_PROTOTYPES = YES;
				CLANG_WARN_SUSPICIOUS_MOVE = YES;
				CLANG_WARN_UNGUARDED_AVAILABILITY = YES_AGGRESSIVE;
				CLANG_WARN_UNREACHABLE_CODE = YES;
				CLANG_WARN__DUPLICATE_METHOD_MATCH = YES;
				COPY_PHASE_STRIP = NO;
				DEBUG_INFORMATION_FORMAT = dwarf;
				ENABLE_STRICT_OBJC_MSGSEND = YES;
				ENABLE_TESTABILITY = YES;
				GCC_C_LANGUAGE_STANDARD = gnu11;
				GCC_DYNAMIC_NO_PIC = NO;
				GCC_NO_COMMON_BLOCKS = YES;
				GCC_OPTIMIZATION_LEVEL = 0;
				GCC_PREPROCESSOR_DEFINITIONS = (
					"DEBUG=1",
					"$(inherited)",
				);
				GCC_WARN_64_TO_32_BIT_CONVERSION = YES;
				GCC_WARN_ABOUT_RETURN_TYPE = YES_ERROR;
				GCC_WARN_UNDECLARED_SELECTOR = YES;
				GCC_WARN_UNINITIALIZED_AUTOS = YES_AGGRESSIVE;
				GCC_WARN_UNUSED_FUNCTION = YES;
				GCC_WARN_UNUSED_VARIABLE = YES;
				IPHONEOS_DEPLOYMENT_TARGET = 13.2;
				MTL_ENABLE_DEBUG_INFO = INCLUDE_SOURCE;
				MTL_FAST_MATH = YES;
				ONLY_ACTIVE_ARCH = YES;
				SDKROOT = iphoneos;
				SWIFT_ACTIVE_COMPILATION_CONDITIONS = DEBUG;
				SWIFT_OPTIMIZATION_LEVEL = "-Onone";
			};
			name = Debug;
		};
		F4DC6E9623F981E80086C3ED /* Release */ = {
			isa = XCBuildConfiguration;
			buildSettings = {
				ALWAYS_SEARCH_USER_PATHS = NO;
				CLANG_ANALYZER_NONNULL = YES;
				CLANG_ANALYZER_NUMBER_OBJECT_CONVERSION = YES_AGGRESSIVE;
				CLANG_CXX_LANGUAGE_STANDARD = "gnu++14";
				CLANG_CXX_LIBRARY = "libc++";
				CLANG_ENABLE_MODULES = YES;
				CLANG_ENABLE_OBJC_ARC = YES;
				CLANG_ENABLE_OBJC_WEAK = YES;
				CLANG_WARN_BLOCK_CAPTURE_AUTORELEASING = YES;
				CLANG_WARN_BOOL_CONVERSION = YES;
				CLANG_WARN_COMMA = YES;
				CLANG_WARN_CONSTANT_CONVERSION = YES;
				CLANG_WARN_DEPRECATED_OBJC_IMPLEMENTATIONS = YES;
				CLANG_WARN_DIRECT_OBJC_ISA_USAGE = YES_ERROR;
				CLANG_WARN_DOCUMENTATION_COMMENTS = YES;
				CLANG_WARN_EMPTY_BODY = YES;
				CLANG_WARN_ENUM_CONVERSION = YES;
				CLANG_WARN_INFINITE_RECURSION = YES;
				CLANG_WARN_INT_CONVERSION = YES;
				CLANG_WARN_NON_LITERAL_NULL_CONVERSION = YES;
				CLANG_WARN_OBJC_IMPLICIT_RETAIN_SELF = YES;
				CLANG_WARN_OBJC_LITERAL_CONVERSION = YES;
				CLANG_WARN_OBJC_ROOT_CLASS = YES_ERROR;
				CLANG_WARN_RANGE_LOOP_ANALYSIS = YES;
				CLANG_WARN_STRICT_PROTOTYPES = YES;
				CLANG_WARN_SUSPICIOUS_MOVE = YES;
				CLANG_WARN_UNGUARDED_AVAILABILITY = YES_AGGRESSIVE;
				CLANG_WARN_UNREACHABLE_CODE = YES;
				CLANG_WARN__DUPLICATE_METHOD_MATCH = YES;
				COPY_PHASE_STRIP = NO;
				DEBUG_INFORMATION_FORMAT = "dwarf-with-dsym";
				ENABLE_NS_ASSERTIONS = NO;
				ENABLE_STRICT_OBJC_MSGSEND = YES;
				GCC_C_LANGUAGE_STANDARD = gnu11;
				GCC_NO_COMMON_BLOCKS = YES;
				GCC_WARN_64_TO_32_BIT_CONVERSION = YES;
				GCC_WARN_ABOUT_RETURN_TYPE = YES_ERROR;
				GCC_WARN_UNDECLARED_SELECTOR = YES;
				GCC_WARN_UNINITIALIZED_AUTOS = YES_AGGRESSIVE;
				GCC_WARN_UNUSED_FUNCTION = YES;
				GCC_WARN_UNUSED_VARIABLE = YES;
				IPHONEOS_DEPLOYMENT_TARGET = 13.2;
				MTL_ENABLE_DEBUG_INFO = NO;
				MTL_FAST_MATH = YES;
				SDKROOT = iphoneos;
				SWIFT_COMPILATION_MODE = wholemodule;
				SWIFT_OPTIMIZATION_LEVEL = "-O";
				VALIDATE_PRODUCT = YES;
			};
			name = Release;
		};
		F4DC6E9823F981E80086C3ED /* Debug */ = {
			isa = XCBuildConfiguration;
			buildSettings = {
				ASSETCATALOG_COMPILER_APPICON_NAME = AppIcon;
				CODE_SIGN_STYLE = Automatic;
				DEVELOPMENT_TEAM = B39DQ9LWFN;
				INFOPLIST_FILE = "iOS-Task/Info.plist";
				LD_RUNPATH_SEARCH_PATHS = (
					"$(inherited)",
					"@executable_path/Frameworks",
				);
				PRODUCT_BUNDLE_IDENTIFIER = "abdelrhmankamaleliwa.iOS-Task";
				PRODUCT_NAME = "$(TARGET_NAME)";
				SWIFT_VERSION = 5.0;
				TARGETED_DEVICE_FAMILY = "1,2";
			};
			name = Debug;
		};
		F4DC6E9923F981E80086C3ED /* Release */ = {
			isa = XCBuildConfiguration;
			buildSettings = {
				ASSETCATALOG_COMPILER_APPICON_NAME = AppIcon;
				CODE_SIGN_STYLE = Automatic;
				DEVELOPMENT_TEAM = B39DQ9LWFN;
				INFOPLIST_FILE = "iOS-Task/Info.plist";
				LD_RUNPATH_SEARCH_PATHS = (
					"$(inherited)",
					"@executable_path/Frameworks",
				);
				PRODUCT_BUNDLE_IDENTIFIER = "abdelrhmankamaleliwa.iOS-Task";
				PRODUCT_NAME = "$(TARGET_NAME)";
				SWIFT_VERSION = 5.0;
				TARGETED_DEVICE_FAMILY = "1,2";
			};
			name = Release;
		};
/* End XCBuildConfiguration section */

/* Begin XCConfigurationList section */
		F4DC6E7E23F981E70086C3ED /* Build configuration list for PBXProject "iOS-Task" */ = {
			isa = XCConfigurationList;
			buildConfigurations = (
				F4DC6E9523F981E80086C3ED /* Debug */,
				F4DC6E9623F981E80086C3ED /* Release */,
			);
			defaultConfigurationIsVisible = 0;
			defaultConfigurationName = Release;
		};
		F4DC6E9723F981E80086C3ED /* Build configuration list for PBXNativeTarget "iOS-Task" */ = {
			isa = XCConfigurationList;
			buildConfigurations = (
				F4DC6E9823F981E80086C3ED /* Debug */,
				F4DC6E9923F981E80086C3ED /* Release */,
			);
			defaultConfigurationIsVisible = 0;
			defaultConfigurationName = Release;
		};
/* End XCConfigurationList section */
	};
	rootObject = F4DC6E7B23F981E70086C3ED /* Project object */;
}
